<?xml version="1.0" encoding="utf-8"?>
<Project ToolsVersion="4.0" xmlns="http://schemas.microsoft.com/developer/msbuild/2003">
  <ItemGroup>
    <ClCompile Include="GX_mainloop.cpp">
      <Filter>GXD</Filter>
    </ClCompile>
    <ClCompile Include="GX_2DGraphics.cpp">
      <Filter>GXD</Filter>
    </ClCompile>
    <ClCompile Include="GX_3Dcore.cpp">
      <Filter>GXD</Filter>
    </ClCompile>
    <ClCompile Include="GX_TexturedFace.cpp">
      <Filter>GXD</Filter>
    </ClCompile>
    <ClCompile Include="GX_Color.cpp">
      <Filter>GXD</Filter>
    </ClCompile>
    <ClCompile Include="GX_GLWrapper.cpp">
      <Filter>GXD</Filter>
    </ClCompile>
    <ClCompile Include="GX_Internal.hpp">
      <Filter>GXD</Filter>
    </ClCompile>
    <ClCompile Include="GX_Key.cpp">
      <Filter>GXD</Filter>
    </ClCompile>
    <ClCompile Include="GX_Mouse.cpp">
      <Filter>GXD</Filter>
    </ClCompile>
    <ClCompile Include="GX_PNGReader.cpp">
      <Filter>GXD</Filter>
    </ClCompile>
    <ClCompile Include="GX_String.cpp">
      <Filter>GXD</Filter>
    </ClCompile>
    <ClCompile Include="GX_Texture_ASCII.cpp">
      <Filter>GXD</Filter>
    </ClCompile>
    <ClCompile Include="GX_V2V3.cpp">
      <Filter>GXD</Filter>
    </ClCompile>
    <ClCompile Include="_lodepng.cpp">
      <Filter>GXD</Filter>
    </ClCompile>
    <ClCompile Include="GlutImport.h">
      <Filter>GXD</Filter>
    </ClCompile>
    <ClCompile Include="main.cpp" />
    <ClCompile Include="GX_DemoManager.cpp">
      <Filter>GXD</Filter>
    </ClCompile>
    <ClCompile Include="GX Object3D.cpp">
      <Filter>GXD</Filter>
    </ClCompile>
    <ClCompile Include="Demo99nuits.cpp" />
    <ClCompile Include="GX_TexturePNG_JPG.cpp">
      <Filter>GXD</Filter>
    </ClCompile>
    <ClCompile Include="_PicoPNG.cpp">
      <Filter>GXD</Filter>
    </ClCompile>
  </ItemGroup>
  <ItemGroup>
    <ClInclude Include="GX V3.h" />
    <ClInclude Include="GX.h" />
    <ClInclude Include="GX Color.h" />
    <ClInclude Include="GX V2.h" />
    <ClInclude Include="GX_GLWrapper.h">
      <Filter>GXD</Filter>
    </ClInclude>
    <ClInclude Include="_lodepng.h">
      <Filter>GXD</Filter>
    </ClInclude>
    <ClInclude Include="glut.h">
      <Filter>GXD</Filter>
    </ClInclude>
    <ClInclude Include="GX_DemoManager.hpp">
      <Filter>GXD</Filter>
    </ClInclude>
    <ClInclude Include="GX Objects3D.h" />
    <ClInclude Include="_jpeg_decoder.h">
      <Filter>GXD</Filter>
    </ClInclude>
    <ClInclude Include="GX TexturedFace3D.h" />
  </ItemGroup>
  <ItemGroup>
    <Filter Include="GXD">
      <UniqueIdentifier>{ac4021a3-7269-472b-978d-ab0ea2cc8769}</UniqueIdentifier>
    </Filter>
  </ItemGroup>
  <ItemGroup>
    <None Include="glut32.dll">
      <Filter>GXD</Filter>
    </None>
  </ItemGroup>
  <ItemGroup>
    <Library Include="glut32.lib">
      <Filter>GXD</Filter>
    </Library>
  </ItemGroup>
</Project>